
Microsoft Visual Studio Solution File, Format Version 12.00
# Visual Studio Version 17
VisualStudioVersion = 17.0.31903.59
MinimumVisualStudioVersion = 10.0.40219.1
Project("{FAE04EC0-301F-11D3-BF4B-00C04F79EFBC}") = "SmartCafe.Menu.Domain", "src\SmartCafe.Menu.Domain\SmartCafe.Menu.Domain.csproj", "{A1111111-1111-1111-1111-111111111111}"
EndProject
Project("{FAE04EC0-301F-11D3-BF4B-00C04F79EFBC}") = "SmartCafe.Menu.Application", "src\SmartCafe.Menu.Application\SmartCafe.Menu.Application.csproj", "{A2222222-2222-2222-2222-222222222222}"
EndProject
Project("{FAE04EC0-301F-11D3-BF4B-00C04F79EFBC}") = "SmartCafe.Menu.Infrastructure", "src\SmartCafe.Menu.Infrastructure\SmartCafe.Menu.Infrastructure.csproj", "{A3333333-3333-3333-3333-333333333333}"
EndProject
Project("{FAE04EC0-301F-11D3-BF4B-00C04F79EFBC}") = "SmartCafe.Menu.API", "src\SmartCafe.Menu.API\SmartCafe.Menu.API.csproj", "{A4444444-4444-4444-4444-444444444444}"
EndProject
Project("{FAE04EC0-301F-11D3-BF4B-00C04F79EFBC}") = "SmartCafe.Menu.AppHost", "src\SmartCafe.Menu.AppHost\SmartCafe.Menu.AppHost.csproj", "{A5555555-5555-5555-5555-555555555555}"
EndProject
Project("{FAE04EC0-301F-11D3-BF4B-00C04F79EFBC}") = "SmartCafe.Menu.ServiceDefaults", "src\SmartCafe.Menu.ServiceDefaults\SmartCafe.Menu.ServiceDefaults.csproj", "{A6666666-6666-6666-6666-666666666666}"
EndProject
Project("{FAE04EC0-301F-11D3-BF4B-00C04F79EFBC}") = "SmartCafe.Menu.UnitTests", "tests\SmartCafe.Menu.UnitTests\SmartCafe.Menu.UnitTests.csproj", "{B1111111-1111-1111-1111-111111111111}"
EndProject
Project("{FAE04EC0-301F-11D3-BF4B-00C04F79EFBC}") = "SmartCafe.Menu.IntegrationTests", "tests\SmartCafe.Menu.IntegrationTests\SmartCafe.Menu.IntegrationTests.csproj", "{B2222222-2222-2222-2222-222222222222}"
EndProject
Project("{2150E333-8FDC-42A3-9474-1A3956D46DE8}") = "src", "src", "{C1111111-1111-1111-1111-111111111111}"
EndProject
Project("{2150E333-8FDC-42A3-9474-1A3956D46DE8}") = "tests", "tests", "{C2222222-2222-2222-2222-222222222222}"
EndProject
Global
	GlobalSection(SolutionConfigurationPlatforms) = preSolution
		Debug|Any CPU = Debug|Any CPU
		Release|Any CPU = Release|Any CPU
	EndGlobalSection
	GlobalSection(ProjectConfigurationPlatforms) = postSolution
		{A1111111-1111-1111-1111-111111111111}.Debug|Any CPU.ActiveCfg = Debug|Any CPU
		{A1111111-1111-1111-1111-111111111111}.Debug|Any CPU.Build.0 = Debug|Any CPU
		{A1111111-1111-1111-1111-111111111111}.Release|Any CPU.ActiveCfg = Release|Any CPU
		{A1111111-1111-1111-1111-111111111111}.Release|Any CPU.Build.0 = Release|Any CPU
		{A2222222-2222-2222-2222-222222222222}.Debug|Any CPU.ActiveCfg = Debug|Any CPU
		{A2222222-2222-2222-2222-222222222222}.Debug|Any CPU.Build.0 = Debug|Any CPU
		{A2222222-2222-2222-2222-222222222222}.Release|Any CPU.ActiveCfg = Release|Any CPU
		{A2222222-2222-2222-2222-222222222222}.Release|Any CPU.Build.0 = Release|Any CPU
		{A3333333-3333-3333-3333-333333333333}.Debug|Any CPU.ActiveCfg = Debug|Any CPU
		{A3333333-3333-3333-3333-333333333333}.Debug|Any CPU.Build.0 = Debug|Any CPU
		{A3333333-3333-3333-3333-333333333333}.Release|Any CPU.ActiveCfg = Release|Any CPU
		{A3333333-3333-3333-3333-333333333333}.Release|Any CPU.Build.0 = Release|Any CPU
		{A4444444-4444-4444-4444-444444444444}.Debug|Any CPU.ActiveCfg = Debug|Any CPU
		{A4444444-4444-4444-4444-444444444444}.Debug|Any CPU.Build.0 = Debug|Any CPU
		{A4444444-4444-4444-4444-444444444444}.Release|Any CPU.ActiveCfg = Release|Any CPU
		{A4444444-4444-4444-4444-444444444444}.Release|Any CPU.Build.0 = Release|Any CPU
		{A5555555-5555-5555-5555-555555555555}.Debug|Any CPU.ActiveCfg = Debug|Any CPU
		{A5555555-5555-5555-5555-555555555555}.Debug|Any CPU.Build.0 = Debug|Any CPU
		{A5555555-5555-5555-5555-555555555555}.Release|Any CPU.ActiveCfg = Release|Any CPU
		{A5555555-5555-5555-5555-555555555555}.Release|Any CPU.Build.0 = Release|Any CPU
		{A6666666-6666-6666-6666-666666666666}.Debug|Any CPU.ActiveCfg = Debug|Any CPU
		{A6666666-6666-6666-6666-666666666666}.Debug|Any CPU.Build.0 = Debug|Any CPU
		{A6666666-6666-6666-6666-666666666666}.Release|Any CPU.ActiveCfg = Release|Any CPU
		{A6666666-6666-6666-6666-666666666666}.Release|Any CPU.Build.0 = Release|Any CPU
		{B1111111-1111-1111-1111-111111111111}.Debug|Any CPU.ActiveCfg = Debug|Any CPU
		{B1111111-1111-1111-1111-111111111111}.Debug|Any CPU.Build.0 = Debug|Any CPU
		{B1111111-1111-1111-1111-111111111111}.Release|Any CPU.ActiveCfg = Release|Any CPU
		{B1111111-1111-1111-1111-111111111111}.Release|Any CPU.Build.0 = Release|Any CPU
		{B2222222-2222-2222-2222-222222222222}.Debug|Any CPU.ActiveCfg = Debug|Any CPU
		{B2222222-2222-2222-2222-222222222222}.Debug|Any CPU.Build.0 = Debug|Any CPU
		{B2222222-2222-2222-2222-222222222222}.Release|Any CPU.ActiveCfg = Release|Any CPU
		{B2222222-2222-2222-2222-222222222222}.Release|Any CPU.Build.0 = Release|Any CPU
	EndGlobalSection
	GlobalSection(NestedProjects) = preSolution
		{A1111111-1111-1111-1111-111111111111} = {C1111111-1111-1111-1111-111111111111}
		{A2222222-2222-2222-2222-222222222222} = {C1111111-1111-1111-1111-111111111111}
		{A3333333-3333-3333-3333-333333333333} = {C1111111-1111-1111-1111-111111111111}
		{A4444444-4444-4444-4444-444444444444} = {C1111111-1111-1111-1111-111111111111}
		{A5555555-5555-5555-5555-555555555555} = {C1111111-1111-1111-1111-111111111111}
		{A6666666-6666-6666-6666-666666666666} = {C1111111-1111-1111-1111-111111111111}
		{B1111111-1111-1111-1111-111111111111} = {C2222222-2222-2222-2222-222222222222}
		{B2222222-2222-2222-2222-222222222222} = {C2222222-2222-2222-2222-222222222222}
	EndGlobalSection
EndGlobal
